# @generated - this file is auto-generated by `mise lock` https://mise.jdx.dev/dev-tools/mise-lock.html

[[tools."aqua:golangci/golangci-lint"]]
version = "2.12.2"
backend = "aqua:golangci/golangci-lint"

[tools."aqua:golangci/golangci-lint"."platforms.linux-arm64"]
checksum = "sha256:44cd40a8c76c86755375adfeea52cfd3533cb43d7bd647771e0ae065e166df3a"
url = "https://github.com/golangci/golangci-lint/releases/download/v2.12.2/golangci-lint-2.12.2-linux-arm64.tar.gz"
url_api = "https://api.github.com/repos/golangci/golangci-lint/releases/assets/413470996"
provenance = "github-attestations"

[tools."aqua:golangci/golangci-lint"."platforms.linux-arm64-musl"]
checksum = "sha256:44cd40a8c76c86755375adfeea52cfd3533cb43d7bd647771e0ae065e166df3a"
url = "https://github.com/golangci/golangci-lint/releases/download/v2.12.2/golangci-lint-2.12.2-linux-arm64.tar.gz"
url_api = "https://api.github.com/repos/golangci/golangci-lint/releases/assets/413470996"
provenance = "github-attestations"

[tools."aqua:golangci/golangci-lint"."platforms.linux-x64"]
checksum = "sha256:8df580d2670fed8fa984aac0507099af8df275e665215f5c7a2ae3943893a553"
url = "https://github.com/golangci/golangci-lint/releases/download/v2.12.2/golangci-lint-2.12.2-linux-amd64.tar.gz"
url_api = "https://api.github.com/repos/golangci/golangci-lint/releases/assets/413471054"
provenance = "github-attestations"

[tools."aqua:golangci/golangci-lint"."platforms.linux-x64-musl"]
checksum = "sha256:8df580d2670fed8fa984aac0507099af8df275e665215f5c7a2ae3943893a553"
url = "https://github.com/golangci/golangci-lint/releases/download/v2.12.2/golangci-lint-2.12.2-linux-amd64.tar.gz"
url_api = "https://api.github.com/repos/golangci/golangci-lint/releases/assets/413471054"
provenance = "github-attestations"

[tools."aqua:golangci/golangci-lint"."platforms.macos-arm64"]
checksum = "sha256:a9c54498731b3128f79e090be6110f3e5fffccc617b08142ed244d4126c73f29"
url = "https://github.com/golangci/golangci-lint/releases/download/v2.12.2/golangci-lint-2.12.2-darwin-arm64.tar.gz"
url_api = "https://api.github.com/repos/golangci/golangci-lint/releases/assets/413470950"
provenance = "github-attestations"

[tools."aqua:golangci/golangci-lint"."platforms.macos-x64"]
checksum = "sha256:f6f06d94b6241521c53d15450c5209b028270bf966f842afb11c030c79f5bc16"
url = "https://github.com/golangci/golangci-lint/releases/download/v2.12.2/golangci-lint-2.12.2-darwin-amd64.tar.gz"
url_api = "https://api.github.com/repos/golangci/golangci-lint/releases/assets/413470980"
provenance = "github-attestations"

[tools."aqua:golangci/golangci-lint"."platforms.windows-x64"]
checksum = "sha256:bd42e3ebc8cb4ececb86941983baaf1dc221bbb04d838e94ce63b49cc91e02bb"
url = "https://github.com/golangci/golangci-lint/releases/download/v2.12.2/golangci-lint-2.12.2-windows-amd64.zip"
url_api = "https://api.github.com/repos/golangci/golangci-lint/releases/assets/413471017"
provenance = "github-attestations"

[[tools."aqua:goreleaser/goreleaser"]]
version = "2.17.1"
backend = "aqua:goreleaser/goreleaser"

[tools."aqua:goreleaser/goreleaser"."platforms.linux-arm64"]
checksum = "sha256:702f03769ac8bcb0e47839c82243cc614ae995633599a98c63062e13ea85f829"
url = "https://github.com/goreleaser/goreleaser/releases/download/v2.17.1/goreleaser_Linux_arm64.tar.gz"
url_api = "https://api.github.com/repos/goreleaser/goreleaser/releases/assets/490565875"
provenance = "github-attestations"

[tools."aqua:goreleaser/goreleaser"."platforms.linux-arm64-musl"]
checksum = "sha256:702f03769ac8bcb0e47839c82243cc614ae995633599a98c63062e13ea85f829"
url = "https://github.com/goreleaser/goreleaser/releases/download/v2.17.1/goreleaser_Linux_arm64.tar.gz"
url_api = "https://api.github.com/repos/goreleaser/goreleaser/releases/assets/490565875"
provenance = "github-attestations"

[tools."aqua:goreleaser/goreleaser"."platforms.linux-x64"]
checksum = "sha256:a99bbc7ae0d8d897b07c4c497a9b62f222558804715ef219d1af05a7e417bc80"
url = "https://github.com/goreleaser/goreleaser/releases/download/v2.17.1/goreleaser_Linux_x86_64.tar.gz"
url_api = "https://api.github.com/repos/goreleaser/goreleaser/releases/assets/490565870"
provenance = "github-attestations"

[tools."aqua:goreleaser/goreleaser"."platforms.linux-x64-musl"]
checksum = "sha256:a99bbc7ae0d8d897b07c4c497a9b62f222558804715ef219d1af05a7e417bc80"
url = "https://github.com/goreleaser/goreleaser/releases/download/v2.17.1/goreleaser_Linux_x86_64.tar.gz"
url_api = "https://api.github.com/repos/goreleaser/goreleaser/releases/assets/490565870"
provenance = "github-attestations"

[tools."aqua:goreleaser/goreleaser"."platforms.macos-arm64"]
checksum = "sha256:f49d4fe67d283b5b5130c380c983087dca0a4d4ec15b6637b18fe1ab096780d8"
url = "https://github.com/goreleaser/goreleaser/releases/download/v2.17.1/goreleaser_Darwin_all.tar.gz"
url_api = "https://api.github.com/repos/goreleaser/goreleaser/releases/assets/490565848"
provenance = "github-attestations"

[tools."aqua:goreleaser/goreleaser"."platforms.macos-x64"]
checksum = "sha256:f49d4fe67d283b5b5130c380c983087dca0a4d4ec15b6637b18fe1ab096780d8"
url = "https://github.com/goreleaser/goreleaser/releases/download/v2.17.1/goreleaser_Darwin_all.tar.gz"
url_api = "https://api.github.com/repos/goreleaser/goreleaser/releases/assets/490565848"
provenance = "github-attestations"

[tools."aqua:goreleaser/goreleaser"."platforms.windows-x64"]
checksum = "sha256:53314ce7cc16c3229f2d3b98a932c1618c427964eb2170a1efafbdfa862a556f"
url = "https://github.com/goreleaser/goreleaser/releases/download/v2.17.1/goreleaser_Windows_x86_64.zip"
url_api = "https://api.github.com/repos/goreleaser/goreleaser/releases/assets/490565847"
provenance = "github-attestations"

[[tools."aqua:miniscruff/changie"]]
version = "1.25.1"
backend = "aqua:miniscruff/changie"

[tools."aqua:miniscruff/changie"."platforms.linux-arm64"]
checksum = "sha256:115b255d2f5da1a1d50ffcd7853a2616d87a40487679d46f95a39c3956b9b618"
url = "https://github.com/miniscruff/changie/releases/download/v1.25.1/changie_1.25.1_linux_arm64.tar.gz"
url_api = "https://api.github.com/repos/miniscruff/changie/releases/assets/483293100"

[tools."aqua:miniscruff/changie"."platforms.linux-arm64-musl"]
checksum = "sha256:115b255d2f5da1a1d50ffcd7853a2616d87a40487679d46f95a39c3956b9b618"
url = "https://github.com/miniscruff/changie/releases/download/v1.25.1/changie_1.25.1_linux_arm64.tar.gz"
url_api = "https://api.github.com/repos/miniscruff/changie/releases/assets/483293100"

[tools."aqua:miniscruff/changie"."platforms.linux-x64"]
checksum = "sha256:90b90b459b345335ef5715e4e03c354cde99070729939cbab004ac37e5966630"
url = "https://github.com/miniscruff/changie/releases/download/v1.25.1/changie_1.25.1_linux_amd64.tar.gz"
url_api = "https://api.github.com/repos/miniscruff/changie/releases/assets/483293086"

[tools."aqua:miniscruff/changie"."platforms.linux-x64-musl"]
checksum = "sha256:90b90b459b345335ef5715e4e03c354cde99070729939cbab004ac37e5966630"
url = "https://github.com/miniscruff/changie/releases/download/v1.25.1/changie_1.25.1_linux_amd64.tar.gz"
url_api = "https://api.github.com/repos/miniscruff/changie/releases/assets/483293086"

[tools."aqua:miniscruff/changie"."platforms.macos-arm64"]
checksum = "sha256:dc2ee4184ab6cd4153bb223dd6b631837b62ce477ae4294098a8eaf1a685243a"
url = "https://github.com/miniscruff/changie/releases/download/v1.25.1/changie_1.25.1_darwin_arm64.tar.gz"
url_api = "https://api.github.com/repos/miniscruff/changie/releases/assets/483293087"

[tools."aqua:miniscruff/changie"."platforms.macos-x64"]
checksum = "sha256:08bd7afb9ff1ee8c1130e46f5924e55673878d8a3e7ada722abd29e050da281f"
url = "https://github.com/miniscruff/changie/releases/download/v1.25.1/changie_1.25.1_darwin_amd64.tar.gz"
url_api = "https://api.github.com/repos/miniscruff/changie/releases/assets/483293109"

[tools."aqua:miniscruff/changie"."platforms.windows-x64"]
checksum = "sha256:d61212e4e54f4d4d1655db478de7d522dbdc4115fddf4b109b7aa3594cc678ca"
url = "https://github.com/miniscruff/changie/releases/download/v1.25.1/changie_1.25.1_windows_amd64.zip"
url_api = "https://api.github.com/repos/miniscruff/changie/releases/assets/483293103"

[[tools."aqua:sqlc-dev/sqlc"]]
version = "1.31.1"
backend = "aqua:sqlc-dev/sqlc"

[tools."aqua:sqlc-dev/sqlc"."platforms.linux-arm64"]
url = "https://downloads.sqlc.dev/sqlc_1.31.1_linux_arm64.tar.gz"

[tools."aqua:sqlc-dev/sqlc"."platforms.linux-arm64-musl"]
url = "https://downloads.sqlc.dev/sqlc_1.31.1_linux_arm64.tar.gz"

[tools."aqua:sqlc-dev/sqlc"."platforms.linux-x64"]
url = "https://downloads.sqlc.dev/sqlc_1.31.1_linux_amd64.tar.gz"

[tools."aqua:sqlc-dev/sqlc"."platforms.linux-x64-musl"]
url = "https://downloads.sqlc.dev/sqlc_1.31.1_linux_amd64.tar.gz"

[tools."aqua:sqlc-dev/sqlc"."platforms.macos-arm64"]
checksum = "blake3:a4b73d5389eecc7a03e8c821f04ecb25d7481c022f73e12bffa8d79da8e56e83"
url = "https://downloads.sqlc.dev/sqlc_1.31.1_darwin_arm64.tar.gz"

[tools."aqua:sqlc-dev/sqlc"."platforms.macos-x64"]
url = "https://downloads.sqlc.dev/sqlc_1.31.1_darwin_amd64.tar.gz"

[tools."aqua:sqlc-dev/sqlc"."platforms.windows-x64"]
url = "https://downloads.sqlc.dev/sqlc_1.31.1_windows_amd64.tar.gz"

[[tools.buf]]
version = "1.72.0"
backend = "aqua:bufbuild/buf"

[tools.buf."platforms.linux-arm64"]
checksum = "sha256:7641bd7e06a37a54cbb8c789f53465899def96196ab5c08057432f781a15d517"
url = "https://github.com/bufbuild/buf/releases/download/v1.72.0/buf-Linux-aarch64.tar.gz"
url_api = "https://api.github.com/repos/bufbuild/buf/releases/assets/480772526"
provenance = "minisign"

[tools.buf."platforms.linux-arm64-musl"]
checksum = "sha256:7641bd7e06a37a54cbb8c789f53465899def96196ab5c08057432f781a15d517"
url = "https://github.com/bufbuild/buf/releases/download/v1.72.0/buf-Linux-aarch64.tar.gz"
url_api = "https://api.github.com/repos/bufbuild/buf/releases/assets/480772526"
provenance = "minisign"

[tools.buf."platforms.linux-x64"]
checksum = "sha256:a9c6186cf6fcf062b247345e1b7b12c26f580c1b2a4bbf4d3fe080abf85ceee8"
url = "https://github.com/bufbuild/buf/releases/download/v1.72.0/buf-Linux-x86_64.tar.gz"
url_api = "https://api.github.com/repos/bufbuild/buf/releases/assets/480772583"
provenance = "minisign"

[tools.buf."platforms.linux-x64-musl"]
checksum = "sha256:a9c6186cf6fcf062b247345e1b7b12c26f580c1b2a4bbf4d3fe080abf85ceee8"
url = "https://github.com/bufbuild/buf/releases/download/v1.72.0/buf-Linux-x86_64.tar.gz"
url_api = "https://api.github.com/repos/bufbuild/buf/releases/assets/480772583"
provenance = "minisign"

[tools.buf."platforms.macos-arm64"]
checksum = "sha256:be040ae0ca381103dfda68a36738695c4db3e48de8e91412acdc3d991f39b91e"
url = "https://github.com/bufbuild/buf/releases/download/v1.72.0/buf-Darwin-arm64.tar.gz"
url_api = "https://api.github.com/repos/bufbuild/buf/releases/assets/480772487"
provenance = "minisign"

[tools.buf."platforms.macos-x64"]
checksum = "sha256:8b87e66786b46b20e7f7e328c9e15f64f636041acfdbf93374873d9014a62d30"
url = "https://github.com/bufbuild/buf/releases/download/v1.72.0/buf-Darwin-x86_64.tar.gz"
url_api = "https://api.github.com/repos/bufbuild/buf/releases/assets/480772489"
provenance = "minisign"

[tools.buf."platforms.windows-x64"]
checksum = "sha256:0332d8d1bf062c95a0418081b7e574551032ee72064af05e304e3a1454f8cf11"
url = "https://github.com/bufbuild/buf/releases/download/v1.72.0/buf-Windows-x86_64.zip"
url_api = "https://api.github.com/repos/bufbuild/buf/releases/assets/480772631"
provenance = "minisign"

[[tools."github:abhinav/requiredfield"]]
version = "0.9.0"
backend = "github:abhinav/requiredfield"

[tools."github:abhinav/requiredfield"."platforms.linux-arm64"]
checksum = "sha256:1bad25e1570b0df22f551c0ebec3fdb41fed7fb4fdd654ccc36f4fc844c44ec4"
url = "https://github.com/abhinav/requiredfield/releases/download/v0.9.0/requiredfield.Linux-aarch64.tar.gz"
url_api = "https://api.github.com/repos/abhinav/requiredfield/releases/assets/357740555"

[tools."github:abhinav/requiredfield"."platforms.linux-arm64-musl"]
checksum = "sha256:1bad25e1570b0df22f551c0ebec3fdb41fed7fb4fdd654ccc36f4fc844c44ec4"
url = "https://github.com/abhinav/requiredfield/releases/download/v0.9.0/requiredfield.Linux-aarch64.tar.gz"
url_api = "https://api.github.com/repos/abhinav/requiredfield/releases/assets/357740555"

[tools."github:abhinav/requiredfield"."platforms.linux-x64"]
checksum = "sha256:46f82f7a552c0fd61dbe3ca7ffa165de85b6d5ed1e97a833fe7d154dfb331bcf"
url = "https://github.com/abhinav/requiredfield/releases/download/v0.9.0/requiredfield.Linux-x86_64.tar.gz"
url_api = "https://api.github.com/repos/abhinav/requiredfield/releases/assets/357740554"

[tools."github:abhinav/requiredfield"."platforms.linux-x64-musl"]
checksum = "sha256:46f82f7a552c0fd61dbe3ca7ffa165de85b6d5ed1e97a833fe7d154dfb331bcf"
url = "https://github.com/abhinav/requiredfield/releases/download/v0.9.0/requiredfield.Linux-x86_64.tar.gz"
url_api = "https://api.github.com/repos/abhinav/requiredfield/releases/assets/357740554"

[tools."github:abhinav/requiredfield"."platforms.macos-arm64"]
checksum = "sha256:a9924eeb3161db4962466f3d2172d998f8719d8afebed5ef4e41c7b6287b9581"
url = "https://github.com/abhinav/requiredfield/releases/download/v0.9.0/requiredfield.Darwin-arm64.tar.gz"
url_api = "https://api.github.com/repos/abhinav/requiredfield/releases/assets/357740565"

[tools."github:abhinav/requiredfield"."platforms.macos-x64"]
checksum = "sha256:3e0c8c89d2b2c9340807b659d76ba5aaaa15a38d178f92d5d59d1a3a4a453d2f"
url = "https://github.com/abhinav/requiredfield/releases/download/v0.9.0/requiredfield.Darwin-x86_64.tar.gz"
url_api = "https://api.github.com/repos/abhinav/requiredfield/releases/assets/357740567"

[tools."github:abhinav/requiredfield"."platforms.windows-x64"]
checksum = "sha256:d431d9086678669e49a2d609ab77a07ecb1a09d676aa7907c8fa2e39fedd5a29"
url = "https://github.com/abhinav/requiredfield/releases/download/v0.9.0/requiredfield.Windows-x86_64.zip"
url_api = "https://api.github.com/repos/abhinav/requiredfield/releases/assets/357740550"

[[tools."github:abhinav/stitchmd"]]
version = "0.9.0"
backend = "github:abhinav/stitchmd"

[tools."github:abhinav/stitchmd"."platforms.linux-arm64"]
checksum = "sha256:c27b7d5fb67fa6e0f4d5468320a1e73620de68fc2047845a94d973b628564924"
url = "https://github.com/abhinav/stitchmd/releases/download/v0.9.0/stitchmd-linux-arm64.tar.gz"
url_api = "https://api.github.com/repos/abhinav/stitchmd/releases/assets/174170745"

[tools."github:abhinav/stitchmd"."platforms.linux-arm64-musl"]
checksum = "sha256:c27b7d5fb67fa6e0f4d5468320a1e73620de68fc2047845a94d973b628564924"
url = "https://github.com/abhinav/stitchmd/releases/download/v0.9.0/stitchmd-linux-arm64.tar.gz"
url_api = "https://api.github.com/repos/abhinav/stitchmd/releases/assets/174170745"

[tools."github:abhinav/stitchmd"."platforms.linux-x64"]
checksum = "sha256:0fca7cca22f22b2c29d2b2399d6dca7fc8e634ae95ee89226bb99dd7d916bd0d"
url = "https://github.com/abhinav/stitchmd/releases/download/v0.9.0/stitchmd-linux-amd64.tar.gz"
url_api = "https://api.github.com/repos/abhinav/stitchmd/releases/assets/174170738"

[tools."github:abhinav/stitchmd"."platforms.linux-x64-musl"]
checksum = "sha256:0fca7cca22f22b2c29d2b2399d6dca7fc8e634ae95ee89226bb99dd7d916bd0d"
url = "https://github.com/abhinav/stitchmd/releases/download/v0.9.0/stitchmd-linux-amd64.tar.gz"
url_api = "https://api.github.com/repos/abhinav/stitchmd/releases/assets/174170738"

[tools."github:abhinav/stitchmd"."platforms.macos-arm64"]
checksum = "sha256:d12bddffd22c4636136240d7352c98ce4f26e26c368445f8bd2cba33aa38daaa"
url = "https://github.com/abhinav/stitchmd/releases/download/v0.9.0/stitchmd-darwin-arm64.tar.gz"
url_api = "https://api.github.com/repos/abhinav/stitchmd/releases/assets/174170737"

[tools."github:abhinav/stitchmd"."platforms.macos-x64"]
checksum = "sha256:e4a4053fe1c8addec90fc7dc3580d76130940946ae7f3377c9a08503e07b9fae"
url = "https://github.com/abhinav/stitchmd/releases/download/v0.9.0/stitchmd-darwin-amd64.tar.gz"
url_api = "https://api.github.com/repos/abhinav/stitchmd/releases/assets/174170736"

[tools."github:abhinav/stitchmd"."platforms.windows-x64"]
checksum = "sha256:608fa90ebf8df2366b621d38151c0951521bd6a93389e6b56631be521020a928"
url = "https://github.com/abhinav/stitchmd/releases/download/v0.9.0/stitchmd-windows-amd64.tar.gz"
url_api = "https://api.github.com/repos/abhinav/stitchmd/releases/assets/174170746"

[[tools.go]]
version = "1.26.5"
backend = "core:go"

[tools.go."platforms.linux-arm64"]
checksum = "sha256:fe4789e92b1f33358680864bbe8704289e7bb5fc207d80623c308935bd696d49"
url = "https://dl.google.com/go/go1.26.5.linux-arm64.tar.gz"

[tools.go."platforms.linux-arm64-musl"]
checksum = "sha256:fe4789e92b1f33358680864bbe8704289e7bb5fc207d80623c308935bd696d49"
url = "https://dl.google.com/go/go1.26.5.linux-arm64.tar.gz"

[tools.go."platforms.linux-x64"]
checksum = "sha256:5c2c3b16caefa1d968a94c1daca04a7ca301a496d9b086e17ad77bb81393f053"
url = "https://dl.google.com/go/go1.26.5.linux-amd64.tar.gz"

[tools.go."platforms.linux-x64-musl"]
checksum = "sha256:5c2c3b16caefa1d968a94c1daca04a7ca301a496d9b086e17ad77bb81393f053"
url = "https://dl.google.com/go/go1.26.5.linux-amd64.tar.gz"

[tools.go."platforms.macos-arm64"]
checksum = "sha256:efb87ff28af9a188d0536ef5d42e63dd52ba8263cd7344a993cc48dd11dedb6a"
url = "https://dl.google.com/go/go1.26.5.darwin-arm64.tar.gz"

[tools.go."platforms.macos-x64"]
checksum = "sha256:6231d8d3b8f5552ec6cbf6d685bdd5482e1e703214b120e89b3bf0d7bf1ef725"
url = "https://dl.google.com/go/go1.26.5.darwin-amd64.tar.gz"

[tools.go."platforms.windows-x64"]
checksum = "sha256:97e6b2a833b6d89f9ff17d25419ac0a7e3b482a044e9ab18cdef834bd834fd38"
url = "https://dl.google.com/go/go1.26.5.windows-amd64.zip"

[[tools.goreleaser]]
version = "2.17.1"
backend = "aqua:goreleaser/goreleaser"

[tools.goreleaser."platforms.linux-arm64"]
checksum = "sha256:702f03769ac8bcb0e47839c82243cc614ae995633599a98c63062e13ea85f829"
url = "https://github.com/goreleaser/goreleaser/releases/download/v2.17.1/goreleaser_Linux_arm64.tar.gz"
url_api = "https://api.github.com/repos/goreleaser/goreleaser/releases/assets/490565875"
provenance = "github-attestations"

[tools.goreleaser."platforms.linux-arm64-musl"]
checksum = "sha256:702f03769ac8bcb0e47839c82243cc614ae995633599a98c63062e13ea85f829"
url = "https://github.com/goreleaser/goreleaser/releases/download/v2.17.1/goreleaser_Linux_arm64.tar.gz"
url_api = "https://api.github.com/repos/goreleaser/goreleaser/releases/assets/490565875"
provenance = "github-attestations"

[tools.goreleaser."platforms.linux-x64"]
checksum = "sha256:a99bbc7ae0d8d897b07c4c497a9b62f222558804715ef219d1af05a7e417bc80"
url = "https://github.com/goreleaser/goreleaser/releases/download/v2.17.1/goreleaser_Linux_x86_64.tar.gz"
url_api = "https://api.github.com/repos/goreleaser/goreleaser/releases/assets/490565870"
provenance = "github-attestations"

[tools.goreleaser."platforms.linux-x64-musl"]
checksum = "sha256:a99bbc7ae0d8d897b07c4c497a9b62f222558804715ef219d1af05a7e417bc80"
url = "https://github.com/goreleaser/goreleaser/releases/download/v2.17.1/goreleaser_Linux_x86_64.tar.gz"
url_api = "https://api.github.com/repos/goreleaser/goreleaser/releases/assets/490565870"
provenance = "github-attestations"

[tools.goreleaser."platforms.macos-arm64"]
checksum = "sha256:f49d4fe67d283b5b5130c380c983087dca0a4d4ec15b6637b18fe1ab096780d8"
url = "https://github.com/goreleaser/goreleaser/releases/download/v2.17.1/goreleaser_Darwin_all.tar.gz"
url_api = "https://api.github.com/repos/goreleaser/goreleaser/releases/assets/490565848"
provenance = "github-attestations"

[tools.goreleaser."platforms.macos-x64"]
checksum = "sha256:f49d4fe67d283b5b5130c380c983087dca0a4d4ec15b6637b18fe1ab096780d8"
url = "https://github.com/goreleaser/goreleaser/releases/download/v2.17.1/goreleaser_Darwin_all.tar.gz"
url_api = "https://api.github.com/repos/goreleaser/goreleaser/releases/assets/490565848"
provenance = "github-attestations"

[tools.goreleaser."platforms.windows-x64"]
checksum = "sha256:53314ce7cc16c3229f2d3b98a932c1618c427964eb2170a1efafbdfa862a556f"
url = "https://github.com/goreleaser/goreleaser/releases/download/v2.17.1/goreleaser_Windows_x86_64.zip"
url_api = "https://api.github.com/repos/goreleaser/goreleaser/releases/assets/490565847"
provenance = "github-attestations"

[[tools.node]]
version = "26.5.0"
backend = "core:node"

[tools.node."platforms.linux-arm64"]
checksum = "sha256:308e5fe89a82461ba5a6cf15ff5221b2cdbd7ae87600aa72bb3c3fbdc66412d1"
url = "https://nodejs.org/dist/v26.5.0/node-v26.5.0-linux-arm64.tar.gz"

[tools.node."platforms.linux-arm64-musl"]
checksum = "sha256:1ab31aef6561191693f366cacd75bbcefa0301e49a18bc05554c21893bbdb490"
url = "https://unofficial-builds.nodejs.org/download/release/v26.5.0/node-v26.5.0-linux-arm64-musl.tar.gz"

[tools.node."platforms.linux-x64"]
checksum = "sha256:22b5f47ad6ae78837e4c2b846019965ce1a06ba143de176102294a1bf44fc677"
url = "https://nodejs.org/dist/v26.5.0/node-v26.5.0-linux-x64.tar.gz"

[tools.node."platforms.linux-x64-musl"]
checksum = "sha256:00f1398411a4216c5a6ecaad3b825a0da5ec00e79ee8c173ab65a094d97b9ad8"
url = "https://unofficial-builds.nodejs.org/download/release/v26.5.0/node-v26.5.0-linux-x64-musl.tar.gz"

[tools.node."platforms.macos-arm64"]
checksum = "sha256:ee920559aaa2391569cff4d737e3b83963430e3a14dedd91bfe0ff53171b5af9"
url = "https://nodejs.org/dist/v26.5.0/node-v26.5.0-darwin-arm64.tar.gz"

[tools.node."platforms.macos-x64"]
checksum = "sha256:98293394c945a24e64e00b4177bf075ec963ea70b34d1d2e24bd4a71716d334f"
url = "https://nodejs.org/dist/v26.5.0/node-v26.5.0-darwin-x64.tar.gz"

[tools.node."platforms.windows-x64"]
checksum = "sha256:d3b2277dbcccfdf24ef6302928f64f484cff1d77a6d3caa3a28f4d20ce9158f6"
url = "https://nodejs.org/dist/v26.5.0/node-v26.5.0-win-x64.zip"

[[tools.pnpm]]
version = "11.17.0"
backend = "aqua:pnpm/pnpm"

[tools.pnpm."platforms.linux-arm64"]
checksum = "sha256:730d17de742a3efbb020ba91d7acfc0456c6ba6ad1cd8eb49f4c229fe9f504d3"
url = "https://github.com/pnpm/pnpm/releases/download/v11.17.0/pnpm-linux-arm64.tar.gz"
url_api = "https://api.github.com/repos/pnpm/pnpm/releases/assets/487422123"
provenance = "github-attestations"

[tools.pnpm."platforms.linux-arm64-musl"]
checksum = "sha256:cc072c0e7bdd290f52fb9afdcea778ede69f96f0f4dae63623163fc11d4beec3"
url = "https://github.com/pnpm/pnpm/releases/download/v11.17.0/pnpm-linux-arm64-musl.tar.gz"
url_api = "https://api.github.com/repos/pnpm/pnpm/releases/assets/487422121"
provenance = "github-attestations"

[tools.pnpm."platforms.linux-x64"]
checksum = "sha256:bdb1db01bf0f757495405a59a09c5c287f315889dc98d3b14bc374b9fe43a0bf"
url = "https://github.com/pnpm/pnpm/releases/download/v11.17.0/pnpm-linux-x64.tar.gz"
url_api = "https://api.github.com/repos/pnpm/pnpm/releases/assets/487422122"
provenance = "github-attestations"

[tools.pnpm."platforms.linux-x64-musl"]
checksum = "sha256:db2e4eeecab336bd41bbbc7a39626b166f1a15bb189efcf6a1dafdf159f23fe7"
url = "https://github.com/pnpm/pnpm/releases/download/v11.17.0/pnpm-linux-x64-musl.tar.gz"
url_api = "https://api.github.com/repos/pnpm/pnpm/releases/assets/487422116"
provenance = "github-attestations"

[tools.pnpm."platforms.macos-arm64"]
checksum = "sha256:1e9a35d76f9d382af365d95c64f3abf7815e24350653f5bb1a37e4546265bc2b"
url = "https://github.com/pnpm/pnpm/releases/download/v11.17.0/pnpm-darwin-arm64.tar.gz"
url_api = "https://api.github.com/repos/pnpm/pnpm/releases/assets/487422117"
provenance = "github-attestations"

[tools.pnpm."platforms.windows-x64"]
checksum = "sha256:3025c174a6dcffec14a071a5c854cb0c350a09a8c7c2857a75f75cc7b29b939c"
url = "https://github.com/pnpm/pnpm/releases/download/v11.17.0/pnpm-win32-x64.zip"
url_api = "https://api.github.com/repos/pnpm/pnpm/releases/assets/487422118"
provenance = "github-attestations"

[[tools.requiredfield]]
version = "0.9.0"
backend = "github:abhinav/requiredfield"

[[tools.sqlc]]
version = "1.31.1"
backend = "aqua:sqlc-dev/sqlc"

[tools.sqlc."platforms.linux-arm64"]
url = "https://downloads.sqlc.dev/sqlc_1.31.1_linux_arm64.tar.gz"

[tools.sqlc."platforms.linux-arm64-musl"]
url = "https://downloads.sqlc.dev/sqlc_1.31.1_linux_arm64.tar.gz"

[tools.sqlc."platforms.linux-x64"]
url = "https://downloads.sqlc.dev/sqlc_1.31.1_linux_amd64.tar.gz"

[tools.sqlc."platforms.linux-x64-musl"]
url = "https://downloads.sqlc.dev/sqlc_1.31.1_linux_amd64.tar.gz"

[tools.sqlc."platforms.macos-arm64"]
checksum = "blake3:a4b73d5389eecc7a03e8c821f04ecb25d7481c022f73e12bffa8d79da8e56e83"
url = "https://downloads.sqlc.dev/sqlc_1.31.1_darwin_arm64.tar.gz"

[tools.sqlc."platforms.macos-x64"]
url = "https://downloads.sqlc.dev/sqlc_1.31.1_darwin_amd64.tar.gz"

[tools.sqlc."platforms.windows-x64"]
url = "https://downloads.sqlc.dev/sqlc_1.31.1_windows_amd64.tar.gz"

[[tools.stitchmd]]
version = "0.9.0"
backend = "github:abhinav/stitchmd"

[tools.stitchmd."platforms.linux-arm64"]
checksum = "sha256:c27b7d5fb67fa6e0f4d5468320a1e73620de68fc2047845a94d973b628564924"
url = "https://github.com/abhinav/stitchmd/releases/download/v0.9.0/stitchmd-linux-arm64.tar.gz"
url_api = "https://api.github.com/repos/abhinav/stitchmd/releases/assets/174170745"

[tools.stitchmd."platforms.linux-arm64-musl"]
checksum = "sha256:c27b7d5fb67fa6e0f4d5468320a1e73620de68fc2047845a94d973b628564924"
url = "https://github.com/abhinav/stitchmd/releases/download/v0.9.0/stitchmd-linux-arm64.tar.gz"
url_api = "https://api.github.com/repos/abhinav/stitchmd/releases/assets/174170745"

[tools.stitchmd."platforms.linux-x64"]
checksum = "sha256:0fca7cca22f22b2c29d2b2399d6dca7fc8e634ae95ee89226bb99dd7d916bd0d"
url = "https://github.com/abhinav/stitchmd/releases/download/v0.9.0/stitchmd-linux-amd64.tar.gz"
url_api = "https://api.github.com/repos/abhinav/stitchmd/releases/assets/174170738"

[tools.stitchmd."platforms.linux-x64-musl"]
checksum = "sha256:0fca7cca22f22b2c29d2b2399d6dca7fc8e634ae95ee89226bb99dd7d916bd0d"
url = "https://github.com/abhinav/stitchmd/releases/download/v0.9.0/stitchmd-linux-amd64.tar.gz"
url_api = "https://api.github.com/repos/abhinav/stitchmd/releases/assets/174170738"

[tools.stitchmd."platforms.macos-arm64"]
checksum = "sha256:d12bddffd22c4636136240d7352c98ce4f26e26c368445f8bd2cba33aa38daaa"
url = "https://github.com/abhinav/stitchmd/releases/download/v0.9.0/stitchmd-darwin-arm64.tar.gz"
url_api = "https://api.github.com/repos/abhinav/stitchmd/releases/assets/174170737"

[tools.stitchmd."platforms.macos-x64"]
checksum = "sha256:e4a4053fe1c8addec90fc7dc3580d76130940946ae7f3377c9a08503e07b9fae"
url = "https://github.com/abhinav/stitchmd/releases/download/v0.9.0/stitchmd-darwin-amd64.tar.gz"
url_api = "https://api.github.com/repos/abhinav/stitchmd/releases/assets/174170736"

[tools.stitchmd."platforms.windows-x64"]
checksum = "sha256:608fa90ebf8df2366b621d38151c0951521bd6a93389e6b56631be521020a928"
url = "https://github.com/abhinav/stitchmd/releases/download/v0.9.0/stitchmd-windows-amd64.tar.gz"
url_api = "https://api.github.com/repos/abhinav/stitchmd/releases/assets/174170746"
