# @generated - this file is auto-generated by `mise lock` https://mise.jdx.dev/dev-tools/mise-lock.html

[[tools."aqua:golangci/golangci-lint"]]
version = "2.13.1"
backend = "aqua:golangci/golangci-lint"

[tools."aqua:golangci/golangci-lint"."platforms.linux-arm64"]
checksum = "sha256:908317c23db18448f924e853b3d8a659fd919614cd438f224810a4053daa2607"
url = "https://github.com/golangci/golangci-lint/releases/download/v2.13.1/golangci-lint-2.13.1-linux-arm64.tar.gz"
url_api = "https://api.github.com/repos/golangci/golangci-lint/releases/assets/522396912"
provenance = "github-attestations"

[tools."aqua:golangci/golangci-lint"."platforms.linux-arm64-musl"]
checksum = "sha256:908317c23db18448f924e853b3d8a659fd919614cd438f224810a4053daa2607"
url = "https://github.com/golangci/golangci-lint/releases/download/v2.13.1/golangci-lint-2.13.1-linux-arm64.tar.gz"
url_api = "https://api.github.com/repos/golangci/golangci-lint/releases/assets/522396912"
provenance = "github-attestations"

[tools."aqua:golangci/golangci-lint"."platforms.linux-x64"]
checksum = "sha256:b17bfbc9d4aaa48be7f4f1ce3240bc3d8200c870c072bacf15c26219e2cfb9cc"
url = "https://github.com/golangci/golangci-lint/releases/download/v2.13.1/golangci-lint-2.13.1-linux-amd64.tar.gz"
url_api = "https://api.github.com/repos/golangci/golangci-lint/releases/assets/522396872"
provenance = "github-attestations"

[tools."aqua:golangci/golangci-lint"."platforms.linux-x64-musl"]
checksum = "sha256:b17bfbc9d4aaa48be7f4f1ce3240bc3d8200c870c072bacf15c26219e2cfb9cc"
url = "https://github.com/golangci/golangci-lint/releases/download/v2.13.1/golangci-lint-2.13.1-linux-amd64.tar.gz"
url_api = "https://api.github.com/repos/golangci/golangci-lint/releases/assets/522396872"
provenance = "github-attestations"

[tools."aqua:golangci/golangci-lint"."platforms.macos-arm64"]
checksum = "sha256:0c9818baf6fb8ad26c6d2ef51b68d5a1e260ef07727036b1431647cc44637c7c"
url = "https://github.com/golangci/golangci-lint/releases/download/v2.13.1/golangci-lint-2.13.1-darwin-arm64.tar.gz"
url_api = "https://api.github.com/repos/golangci/golangci-lint/releases/assets/522396798"
provenance = "github-attestations"

[tools."aqua:golangci/golangci-lint"."platforms.macos-x64"]
checksum = "sha256:2c373363953e4e0bee2a03b7fe864a5eb6a3822927cb077d9ca33f2ae3cb2da2"
url = "https://github.com/golangci/golangci-lint/releases/download/v2.13.1/golangci-lint-2.13.1-darwin-amd64.tar.gz"
url_api = "https://api.github.com/repos/golangci/golangci-lint/releases/assets/522396867"
provenance = "github-attestations"

[tools."aqua:golangci/golangci-lint"."platforms.windows-x64"]
checksum = "sha256:cc119bdd57d2b35ce36fbc174b54949e1a1e45f2cadaf64372cc799cabaf88a9"
url = "https://github.com/golangci/golangci-lint/releases/download/v2.13.1/golangci-lint-2.13.1-windows-amd64.zip"
url_api = "https://api.github.com/repos/golangci/golangci-lint/releases/assets/522396821"
provenance = "github-attestations"

[[tools."aqua:goreleaser/goreleaser"]]
version = "2.17.1"
backend = "aqua:goreleaser/goreleaser"

[tools."aqua:goreleaser/goreleaser"."platforms.linux-arm64"]
checksum = "sha256:702f03769ac8bcb0e47839c82243cc614ae995633599a98c63062e13ea85f829"
url = "https://github.com/goreleaser/goreleaser/releases/download/v2.17.1/goreleaser_Linux_arm64.tar.gz"
url_api = "https://api.github.com/repos/goreleaser/goreleaser/releases/assets/490565875"
provenance = "github-attestations"

[tools."aqua:goreleaser/goreleaser"."platforms.linux-arm64-musl"]
checksum = "sha256:702f03769ac8bcb0e47839c82243cc614ae995633599a98c63062e13ea85f829"
url = "https://github.com/goreleaser/goreleaser/releases/download/v2.17.1/goreleaser_Linux_arm64.tar.gz"
url_api = "https://api.github.com/repos/goreleaser/goreleaser/releases/assets/490565875"
provenance = "github-attestations"

[tools."aqua:goreleaser/goreleaser"."platforms.linux-x64"]
checksum = "sha256:a99bbc7ae0d8d897b07c4c497a9b62f222558804715ef219d1af05a7e417bc80"
url = "https://github.com/goreleaser/goreleaser/releases/download/v2.17.1/goreleaser_Linux_x86_64.tar.gz"
url_api = "https://api.github.com/repos/goreleaser/goreleaser/releases/assets/490565870"
provenance = "github-attestations"

[tools."aqua:goreleaser/goreleaser"."platforms.linux-x64-musl"]
checksum = "sha256:a99bbc7ae0d8d897b07c4c497a9b62f222558804715ef219d1af05a7e417bc80"
url = "https://github.com/goreleaser/goreleaser/releases/download/v2.17.1/goreleaser_Linux_x86_64.tar.gz"
url_api = "https://api.github.com/repos/goreleaser/goreleaser/releases/assets/490565870"
provenance = "github-attestations"

[tools."aqua:goreleaser/goreleaser"."platforms.macos-arm64"]
checksum = "sha256:f49d4fe67d283b5b5130c380c983087dca0a4d4ec15b6637b18fe1ab096780d8"
url = "https://github.com/goreleaser/goreleaser/releases/download/v2.17.1/goreleaser_Darwin_all.tar.gz"
url_api = "https://api.github.com/repos/goreleaser/goreleaser/releases/assets/490565848"
provenance = "github-attestations"

[tools."aqua:goreleaser/goreleaser"."platforms.macos-x64"]
checksum = "sha256:f49d4fe67d283b5b5130c380c983087dca0a4d4ec15b6637b18fe1ab096780d8"
url = "https://github.com/goreleaser/goreleaser/releases/download/v2.17.1/goreleaser_Darwin_all.tar.gz"
url_api = "https://api.github.com/repos/goreleaser/goreleaser/releases/assets/490565848"
provenance = "github-attestations"

[tools."aqua:goreleaser/goreleaser"."platforms.windows-x64"]
checksum = "sha256:53314ce7cc16c3229f2d3b98a932c1618c427964eb2170a1efafbdfa862a556f"
url = "https://github.com/goreleaser/goreleaser/releases/download/v2.17.1/goreleaser_Windows_x86_64.zip"
url_api = "https://api.github.com/repos/goreleaser/goreleaser/releases/assets/490565847"
provenance = "github-attestations"

[[tools."aqua:miniscruff/changie"]]
version = "1.25.1"
backend = "aqua:miniscruff/changie"

[tools."aqua:miniscruff/changie"."platforms.linux-arm64"]
checksum = "sha256:115b255d2f5da1a1d50ffcd7853a2616d87a40487679d46f95a39c3956b9b618"
url = "https://github.com/miniscruff/changie/releases/download/v1.25.1/changie_1.25.1_linux_arm64.tar.gz"
url_api = "https://api.github.com/repos/miniscruff/changie/releases/assets/483293100"

[tools."aqua:miniscruff/changie"."platforms.linux-arm64-musl"]
checksum = "sha256:115b255d2f5da1a1d50ffcd7853a2616d87a40487679d46f95a39c3956b9b618"
url = "https://github.com/miniscruff/changie/releases/download/v1.25.1/changie_1.25.1_linux_arm64.tar.gz"
url_api = "https://api.github.com/repos/miniscruff/changie/releases/assets/483293100"

[tools."aqua:miniscruff/changie"."platforms.linux-x64"]
checksum = "sha256:90b90b459b345335ef5715e4e03c354cde99070729939cbab004ac37e5966630"
url = "https://github.com/miniscruff/changie/releases/download/v1.25.1/changie_1.25.1_linux_amd64.tar.gz"
url_api = "https://api.github.com/repos/miniscruff/changie/releases/assets/483293086"

[tools."aqua:miniscruff/changie"."platforms.linux-x64-musl"]
checksum = "sha256:90b90b459b345335ef5715e4e03c354cde99070729939cbab004ac37e5966630"
url = "https://github.com/miniscruff/changie/releases/download/v1.25.1/changie_1.25.1_linux_amd64.tar.gz"
url_api = "https://api.github.com/repos/miniscruff/changie/releases/assets/483293086"

[tools."aqua:miniscruff/changie"."platforms.macos-arm64"]
checksum = "sha256:dc2ee4184ab6cd4153bb223dd6b631837b62ce477ae4294098a8eaf1a685243a"
url = "https://github.com/miniscruff/changie/releases/download/v1.25.1/changie_1.25.1_darwin_arm64.tar.gz"
url_api = "https://api.github.com/repos/miniscruff/changie/releases/assets/483293087"

[tools."aqua:miniscruff/changie"."platforms.macos-x64"]
checksum = "sha256:08bd7afb9ff1ee8c1130e46f5924e55673878d8a3e7ada722abd29e050da281f"
url = "https://github.com/miniscruff/changie/releases/download/v1.25.1/changie_1.25.1_darwin_amd64.tar.gz"
url_api = "https://api.github.com/repos/miniscruff/changie/releases/assets/483293109"

[tools."aqua:miniscruff/changie"."platforms.windows-x64"]
checksum = "sha256:d61212e4e54f4d4d1655db478de7d522dbdc4115fddf4b109b7aa3594cc678ca"
url = "https://github.com/miniscruff/changie/releases/download/v1.25.1/changie_1.25.1_windows_amd64.zip"
url_api = "https://api.github.com/repos/miniscruff/changie/releases/assets/483293103"

[[tools."aqua:sqlc-dev/sqlc"]]
version = "1.31.1"
backend = "aqua:sqlc-dev/sqlc"

[tools."aqua:sqlc-dev/sqlc"."platforms.linux-arm64"]
url = "https://downloads.sqlc.dev/sqlc_1.31.1_linux_arm64.tar.gz"

[tools."aqua:sqlc-dev/sqlc"."platforms.linux-arm64-musl"]
url = "https://downloads.sqlc.dev/sqlc_1.31.1_linux_arm64.tar.gz"

[tools."aqua:sqlc-dev/sqlc"."platforms.linux-x64"]
url = "https://downloads.sqlc.dev/sqlc_1.31.1_linux_amd64.tar.gz"

[tools."aqua:sqlc-dev/sqlc"."platforms.linux-x64-musl"]
url = "https://downloads.sqlc.dev/sqlc_1.31.1_linux_amd64.tar.gz"

[tools."aqua:sqlc-dev/sqlc"."platforms.macos-arm64"]
checksum = "blake3:a4b73d5389eecc7a03e8c821f04ecb25d7481c022f73e12bffa8d79da8e56e83"
url = "https://downloads.sqlc.dev/sqlc_1.31.1_darwin_arm64.tar.gz"

[tools."aqua:sqlc-dev/sqlc"."platforms.macos-x64"]
url = "https://downloads.sqlc.dev/sqlc_1.31.1_darwin_amd64.tar.gz"

[tools."aqua:sqlc-dev/sqlc"."platforms.windows-x64"]
url = "https://downloads.sqlc.dev/sqlc_1.31.1_windows_amd64.tar.gz"

[[tools.buf]]
version = "1.72.0"
backend = "aqua:bufbuild/buf"

[tools.buf."platforms.linux-arm64"]
checksum = "sha256:7641bd7e06a37a54cbb8c789f53465899def96196ab5c08057432f781a15d517"
url = "https://github.com/bufbuild/buf/releases/download/v1.72.0/buf-Linux-aarch64.tar.gz"
url_api = "https://api.github.com/repos/bufbuild/buf/releases/assets/480772526"
provenance = "minisign"

[tools.buf."platforms.linux-arm64-musl"]
checksum = "sha256:7641bd7e06a37a54cbb8c789f53465899def96196ab5c08057432f781a15d517"
url = "https://github.com/bufbuild/buf/releases/download/v1.72.0/buf-Linux-aarch64.tar.gz"
url_api = "https://api.github.com/repos/bufbuild/buf/releases/assets/480772526"
provenance = "minisign"

[tools.buf."platforms.linux-x64"]
checksum = "sha256:a9c6186cf6fcf062b247345e1b7b12c26f580c1b2a4bbf4d3fe080abf85ceee8"
url = "https://github.com/bufbuild/buf/releases/download/v1.72.0/buf-Linux-x86_64.tar.gz"
url_api = "https://api.github.com/repos/bufbuild/buf/releases/assets/480772583"
provenance = "minisign"

[tools.buf."platforms.linux-x64-musl"]
checksum = "sha256:a9c6186cf6fcf062b247345e1b7b12c26f580c1b2a4bbf4d3fe080abf85ceee8"
url = "https://github.com/bufbuild/buf/releases/download/v1.72.0/buf-Linux-x86_64.tar.gz"
url_api = "https://api.github.com/repos/bufbuild/buf/releases/assets/480772583"
provenance = "minisign"

[tools.buf."platforms.macos-arm64"]
checksum = "sha256:be040ae0ca381103dfda68a36738695c4db3e48de8e91412acdc3d991f39b91e"
url = "https://github.com/bufbuild/buf/releases/download/v1.72.0/buf-Darwin-arm64.tar.gz"
url_api = "https://api.github.com/repos/bufbuild/buf/releases/assets/480772487"
provenance = "minisign"

[tools.buf."platforms.macos-x64"]
checksum = "sha256:8b87e66786b46b20e7f7e328c9e15f64f636041acfdbf93374873d9014a62d30"
url = "https://github.com/bufbuild/buf/releases/download/v1.72.0/buf-Darwin-x86_64.tar.gz"
url_api = "https://api.github.com/repos/bufbuild/buf/releases/assets/480772489"
provenance = "minisign"

[tools.buf."platforms.windows-x64"]
checksum = "sha256:0332d8d1bf062c95a0418081b7e574551032ee72064af05e304e3a1454f8cf11"
url = "https://github.com/bufbuild/buf/releases/download/v1.72.0/buf-Windows-x86_64.zip"
url_api = "https://api.github.com/repos/bufbuild/buf/releases/assets/480772631"
provenance = "minisign"

[[tools."github:abhinav/requiredfield"]]
version = "0.10.0"
backend = "github:abhinav/requiredfield"

[tools."github:abhinav/requiredfield"."platforms.linux-arm64"]
checksum = "sha256:67963080de1311c9978c865dd16519139af2b92ff235f562ea9ccaefba730f16"
url = "https://github.com/abhinav/requiredfield/releases/download/v0.10.0/requiredfield.Linux-aarch64.tar.gz"
url_api = "https://api.github.com/repos/abhinav/requiredfield/releases/assets/522684647"

[tools."github:abhinav/requiredfield"."platforms.linux-arm64-musl"]
checksum = "sha256:67963080de1311c9978c865dd16519139af2b92ff235f562ea9ccaefba730f16"
url = "https://github.com/abhinav/requiredfield/releases/download/v0.10.0/requiredfield.Linux-aarch64.tar.gz"
url_api = "https://api.github.com/repos/abhinav/requiredfield/releases/assets/522684647"

[tools."github:abhinav/requiredfield"."platforms.linux-x64"]
checksum = "sha256:33cf4d87eb1b540ca3efec4d21a070f750557c638da83e29ffbe84eb48b162de"
url = "https://github.com/abhinav/requiredfield/releases/download/v0.10.0/requiredfield.Linux-x86_64.tar.gz"
url_api = "https://api.github.com/repos/abhinav/requiredfield/releases/assets/522684648"

[tools."github:abhinav/requiredfield"."platforms.linux-x64-musl"]
checksum = "sha256:33cf4d87eb1b540ca3efec4d21a070f750557c638da83e29ffbe84eb48b162de"
url = "https://github.com/abhinav/requiredfield/releases/download/v0.10.0/requiredfield.Linux-x86_64.tar.gz"
url_api = "https://api.github.com/repos/abhinav/requiredfield/releases/assets/522684648"

[tools."github:abhinav/requiredfield"."platforms.macos-arm64"]
checksum = "sha256:01918d9178c2b5d8f12a7d2725b5d89fd672ae69112a5210e9dbb54d106f4c73"
url = "https://github.com/abhinav/requiredfield/releases/download/v0.10.0/requiredfield.Darwin-arm64.tar.gz"
url_api = "https://api.github.com/repos/abhinav/requiredfield/releases/assets/522684668"

[tools."github:abhinav/requiredfield"."platforms.macos-x64"]
checksum = "sha256:ec9d06e71a947e5676aede10b67d084be177731f8464173b488efe011f474930"
url = "https://github.com/abhinav/requiredfield/releases/download/v0.10.0/requiredfield.Darwin-x86_64.tar.gz"
url_api = "https://api.github.com/repos/abhinav/requiredfield/releases/assets/522684670"

[tools."github:abhinav/requiredfield"."platforms.windows-x64"]
checksum = "sha256:66a5af92e063fb84b735b346911799530d521d4b6bdfef7c9fa657f3d41a1d5d"
url = "https://github.com/abhinav/requiredfield/releases/download/v0.10.0/requiredfield.Windows-x86_64.zip"
url_api = "https://api.github.com/repos/abhinav/requiredfield/releases/assets/522684646"

[[tools."github:abhinav/stitchmd"]]
version = "0.9.0"
backend = "github:abhinav/stitchmd"

[tools."github:abhinav/stitchmd"."platforms.linux-arm64"]
checksum = "sha256:c27b7d5fb67fa6e0f4d5468320a1e73620de68fc2047845a94d973b628564924"
url = "https://github.com/abhinav/stitchmd/releases/download/v0.9.0/stitchmd-linux-arm64.tar.gz"
url_api = "https://api.github.com/repos/abhinav/stitchmd/releases/assets/174170745"

[tools."github:abhinav/stitchmd"."platforms.linux-arm64-musl"]
checksum = "sha256:c27b7d5fb67fa6e0f4d5468320a1e73620de68fc2047845a94d973b628564924"
url = "https://github.com/abhinav/stitchmd/releases/download/v0.9.0/stitchmd-linux-arm64.tar.gz"
url_api = "https://api.github.com/repos/abhinav/stitchmd/releases/assets/174170745"

[tools."github:abhinav/stitchmd"."platforms.linux-x64"]
checksum = "sha256:0fca7cca22f22b2c29d2b2399d6dca7fc8e634ae95ee89226bb99dd7d916bd0d"
url = "https://github.com/abhinav/stitchmd/releases/download/v0.9.0/stitchmd-linux-amd64.tar.gz"
url_api = "https://api.github.com/repos/abhinav/stitchmd/releases/assets/174170738"

[tools."github:abhinav/stitchmd"."platforms.linux-x64-musl"]
checksum = "sha256:0fca7cca22f22b2c29d2b2399d6dca7fc8e634ae95ee89226bb99dd7d916bd0d"
url = "https://github.com/abhinav/stitchmd/releases/download/v0.9.0/stitchmd-linux-amd64.tar.gz"
url_api = "https://api.github.com/repos/abhinav/stitchmd/releases/assets/174170738"

[tools."github:abhinav/stitchmd"."platforms.macos-arm64"]
checksum = "sha256:d12bddffd22c4636136240d7352c98ce4f26e26c368445f8bd2cba33aa38daaa"
url = "https://github.com/abhinav/stitchmd/releases/download/v0.9.0/stitchmd-darwin-arm64.tar.gz"
url_api = "https://api.github.com/repos/abhinav/stitchmd/releases/assets/174170737"

[tools."github:abhinav/stitchmd"."platforms.macos-x64"]
checksum = "sha256:e4a4053fe1c8addec90fc7dc3580d76130940946ae7f3377c9a08503e07b9fae"
url = "https://github.com/abhinav/stitchmd/releases/download/v0.9.0/stitchmd-darwin-amd64.tar.gz"
url_api = "https://api.github.com/repos/abhinav/stitchmd/releases/assets/174170736"

[tools."github:abhinav/stitchmd"."platforms.windows-x64"]
checksum = "sha256:608fa90ebf8df2366b621d38151c0951521bd6a93389e6b56631be521020a928"
url = "https://github.com/abhinav/stitchmd/releases/download/v0.9.0/stitchmd-windows-amd64.tar.gz"
url_api = "https://api.github.com/repos/abhinav/stitchmd/releases/assets/174170746"

[[tools.go]]
version = "1.27.0"
backend = "core:go"

[tools.go."platforms.linux-arm64"]
checksum = "sha256:51798d2c42d0e1c6ed7fd9f48728b4193abac9e8aad6dbac2fe96a81f5909bda"
url = "https://dl.google.com/go/go1.27.0.linux-arm64.tar.gz"

[tools.go."platforms.linux-arm64-musl"]
checksum = "sha256:51798d2c42d0e1c6ed7fd9f48728b4193abac9e8aad6dbac2fe96a81f5909bda"
url = "https://dl.google.com/go/go1.27.0.linux-arm64.tar.gz"

[tools.go."platforms.linux-x64"]
checksum = "sha256:675c26c449cbb18fc24b74650de1eabbae6e16f64326fd85a283fb3b58280685"
url = "https://dl.google.com/go/go1.27.0.linux-amd64.tar.gz"

[tools.go."platforms.linux-x64-musl"]
checksum = "sha256:675c26c449cbb18fc24b74650de1eabbae6e16f64326fd85a283fb3b58280685"
url = "https://dl.google.com/go/go1.27.0.linux-amd64.tar.gz"

[tools.go."platforms.macos-arm64"]
checksum = "sha256:90493b3bbd5e10f91d12153198bf1994fd756399b4fec93b49b0c6e2acdeeb3e"
url = "https://dl.google.com/go/go1.27.0.darwin-arm64.tar.gz"

[tools.go."platforms.macos-x64"]
checksum = "sha256:d3314e25496e4381d71a5c51d2907e7af655d199f6780b549f015bd85fef4986"
url = "https://dl.google.com/go/go1.27.0.darwin-amd64.tar.gz"

[tools.go."platforms.windows-x64"]
checksum = "sha256:f0c0a0d33ba94f4d2c5dbc887334ce678b21813504ddb3aafcb06e60a5a667c4"
url = "https://dl.google.com/go/go1.27.0.windows-amd64.zip"

[[tools.goreleaser]]
version = "2.17.1"
backend = "aqua:goreleaser/goreleaser"

[tools.goreleaser."platforms.linux-arm64"]
checksum = "sha256:702f03769ac8bcb0e47839c82243cc614ae995633599a98c63062e13ea85f829"
url = "https://github.com/goreleaser/goreleaser/releases/download/v2.17.1/goreleaser_Linux_arm64.tar.gz"
url_api = "https://api.github.com/repos/goreleaser/goreleaser/releases/assets/490565875"
provenance = "github-attestations"

[tools.goreleaser."platforms.linux-arm64-musl"]
checksum = "sha256:702f03769ac8bcb0e47839c82243cc614ae995633599a98c63062e13ea85f829"
url = "https://github.com/goreleaser/goreleaser/releases/download/v2.17.1/goreleaser_Linux_arm64.tar.gz"
url_api = "https://api.github.com/repos/goreleaser/goreleaser/releases/assets/490565875"
provenance = "github-attestations"

[tools.goreleaser."platforms.linux-x64"]
checksum = "sha256:a99bbc7ae0d8d897b07c4c497a9b62f222558804715ef219d1af05a7e417bc80"
url = "https://github.com/goreleaser/goreleaser/releases/download/v2.17.1/goreleaser_Linux_x86_64.tar.gz"
url_api = "https://api.github.com/repos/goreleaser/goreleaser/releases/assets/490565870"
provenance = "github-attestations"

[tools.goreleaser."platforms.linux-x64-musl"]
checksum = "sha256:a99bbc7ae0d8d897b07c4c497a9b62f222558804715ef219d1af05a7e417bc80"
url = "https://github.com/goreleaser/goreleaser/releases/download/v2.17.1/goreleaser_Linux_x86_64.tar.gz"
url_api = "https://api.github.com/repos/goreleaser/goreleaser/releases/assets/490565870"
provenance = "github-attestations"

[tools.goreleaser."platforms.macos-arm64"]
checksum = "sha256:f49d4fe67d283b5b5130c380c983087dca0a4d4ec15b6637b18fe1ab096780d8"
url = "https://github.com/goreleaser/goreleaser/releases/download/v2.17.1/goreleaser_Darwin_all.tar.gz"
url_api = "https://api.github.com/repos/goreleaser/goreleaser/releases/assets/490565848"
provenance = "github-attestations"

[tools.goreleaser."platforms.macos-x64"]
checksum = "sha256:f49d4fe67d283b5b5130c380c983087dca0a4d4ec15b6637b18fe1ab096780d8"
url = "https://github.com/goreleaser/goreleaser/releases/download/v2.17.1/goreleaser_Darwin_all.tar.gz"
url_api = "https://api.github.com/repos/goreleaser/goreleaser/releases/assets/490565848"
provenance = "github-attestations"

[tools.goreleaser."platforms.windows-x64"]
checksum = "sha256:53314ce7cc16c3229f2d3b98a932c1618c427964eb2170a1efafbdfa862a556f"
url = "https://github.com/goreleaser/goreleaser/releases/download/v2.17.1/goreleaser_Windows_x86_64.zip"
url_api = "https://api.github.com/repos/goreleaser/goreleaser/releases/assets/490565847"
provenance = "github-attestations"

[[tools.node]]
version = "26.5.0"
backend = "core:node"

[tools.node."platforms.linux-arm64"]
checksum = "sha256:308e5fe89a82461ba5a6cf15ff5221b2cdbd7ae87600aa72bb3c3fbdc66412d1"
url = "https://nodejs.org/dist/v26.5.0/node-v26.5.0-linux-arm64.tar.gz"

[tools.node."platforms.linux-arm64-musl"]
checksum = "sha256:1ab31aef6561191693f366cacd75bbcefa0301e49a18bc05554c21893bbdb490"
url = "https://unofficial-builds.nodejs.org/download/release/v26.5.0/node-v26.5.0-linux-arm64-musl.tar.gz"

[tools.node."platforms.linux-x64"]
checksum = "sha256:22b5f47ad6ae78837e4c2b846019965ce1a06ba143de176102294a1bf44fc677"
url = "https://nodejs.org/dist/v26.5.0/node-v26.5.0-linux-x64.tar.gz"

[tools.node."platforms.linux-x64-musl"]
checksum = "sha256:00f1398411a4216c5a6ecaad3b825a0da5ec00e79ee8c173ab65a094d97b9ad8"
url = "https://unofficial-builds.nodejs.org/download/release/v26.5.0/node-v26.5.0-linux-x64-musl.tar.gz"

[tools.node."platforms.macos-arm64"]
checksum = "sha256:ee920559aaa2391569cff4d737e3b83963430e3a14dedd91bfe0ff53171b5af9"
url = "https://nodejs.org/dist/v26.5.0/node-v26.5.0-darwin-arm64.tar.gz"

[tools.node."platforms.macos-x64"]
checksum = "sha256:98293394c945a24e64e00b4177bf075ec963ea70b34d1d2e24bd4a71716d334f"
url = "https://nodejs.org/dist/v26.5.0/node-v26.5.0-darwin-x64.tar.gz"

[tools.node."platforms.windows-x64"]
checksum = "sha256:d3b2277dbcccfdf24ef6302928f64f484cff1d77a6d3caa3a28f4d20ce9158f6"
url = "https://nodejs.org/dist/v26.5.0/node-v26.5.0-win-x64.zip"

[[tools.pnpm]]
version = "11.17.0"
backend = "aqua:pnpm/pnpm"

[tools.pnpm."platforms.linux-arm64"]
checksum = "sha256:730d17de742a3efbb020ba91d7acfc0456c6ba6ad1cd8eb49f4c229fe9f504d3"
url = "https://github.com/pnpm/pnpm/releases/download/v11.17.0/pnpm-linux-arm64.tar.gz"
url_api = "https://api.github.com/repos/pnpm/pnpm/releases/assets/487422123"
provenance = "github-attestations"

[tools.pnpm."platforms.linux-arm64-musl"]
checksum = "sha256:cc072c0e7bdd290f52fb9afdcea778ede69f96f0f4dae63623163fc11d4beec3"
url = "https://github.com/pnpm/pnpm/releases/download/v11.17.0/pnpm-linux-arm64-musl.tar.gz"
url_api = "https://api.github.com/repos/pnpm/pnpm/releases/assets/487422121"
provenance = "github-attestations"

[tools.pnpm."platforms.linux-x64"]
checksum = "sha256:bdb1db01bf0f757495405a59a09c5c287f315889dc98d3b14bc374b9fe43a0bf"
url = "https://github.com/pnpm/pnpm/releases/download/v11.17.0/pnpm-linux-x64.tar.gz"
url_api = "https://api.github.com/repos/pnpm/pnpm/releases/assets/487422122"
provenance = "github-attestations"

[tools.pnpm."platforms.linux-x64-musl"]
checksum = "sha256:db2e4eeecab336bd41bbbc7a39626b166f1a15bb189efcf6a1dafdf159f23fe7"
url = "https://github.com/pnpm/pnpm/releases/download/v11.17.0/pnpm-linux-x64-musl.tar.gz"
url_api = "https://api.github.com/repos/pnpm/pnpm/releases/assets/487422116"
provenance = "github-attestations"

[tools.pnpm."platforms.macos-arm64"]
checksum = "sha256:1e9a35d76f9d382af365d95c64f3abf7815e24350653f5bb1a37e4546265bc2b"
url = "https://github.com/pnpm/pnpm/releases/download/v11.17.0/pnpm-darwin-arm64.tar.gz"
url_api = "https://api.github.com/repos/pnpm/pnpm/releases/assets/487422117"
provenance = "github-attestations"

[tools.pnpm."platforms.windows-x64"]
checksum = "sha256:3025c174a6dcffec14a071a5c854cb0c350a09a8c7c2857a75f75cc7b29b939c"
url = "https://github.com/pnpm/pnpm/releases/download/v11.17.0/pnpm-win32-x64.zip"
url_api = "https://api.github.com/repos/pnpm/pnpm/releases/assets/487422118"
provenance = "github-attestations"

[[tools.requiredfield]]
version = "0.9.0"
backend = "github:abhinav/requiredfield"

[[tools.sqlc]]
version = "1.31.1"
backend = "aqua:sqlc-dev/sqlc"

[tools.sqlc."platforms.linux-arm64"]
url = "https://downloads.sqlc.dev/sqlc_1.31.1_linux_arm64.tar.gz"

[tools.sqlc."platforms.linux-arm64-musl"]
url = "https://downloads.sqlc.dev/sqlc_1.31.1_linux_arm64.tar.gz"

[tools.sqlc."platforms.linux-x64"]
url = "https://downloads.sqlc.dev/sqlc_1.31.1_linux_amd64.tar.gz"

[tools.sqlc."platforms.linux-x64-musl"]
url = "https://downloads.sqlc.dev/sqlc_1.31.1_linux_amd64.tar.gz"

[tools.sqlc."platforms.macos-arm64"]
checksum = "blake3:a4b73d5389eecc7a03e8c821f04ecb25d7481c022f73e12bffa8d79da8e56e83"
url = "https://downloads.sqlc.dev/sqlc_1.31.1_darwin_arm64.tar.gz"

[tools.sqlc."platforms.macos-x64"]
url = "https://downloads.sqlc.dev/sqlc_1.31.1_darwin_amd64.tar.gz"

[tools.sqlc."platforms.windows-x64"]
url = "https://downloads.sqlc.dev/sqlc_1.31.1_windows_amd64.tar.gz"

[[tools.stitchmd]]
version = "0.9.0"
backend = "github:abhinav/stitchmd"

[tools.stitchmd."platforms.linux-arm64"]
checksum = "sha256:c27b7d5fb67fa6e0f4d5468320a1e73620de68fc2047845a94d973b628564924"
url = "https://github.com/abhinav/stitchmd/releases/download/v0.9.0/stitchmd-linux-arm64.tar.gz"
url_api = "https://api.github.com/repos/abhinav/stitchmd/releases/assets/174170745"

[tools.stitchmd."platforms.linux-arm64-musl"]
checksum = "sha256:c27b7d5fb67fa6e0f4d5468320a1e73620de68fc2047845a94d973b628564924"
url = "https://github.com/abhinav/stitchmd/releases/download/v0.9.0/stitchmd-linux-arm64.tar.gz"
url_api = "https://api.github.com/repos/abhinav/stitchmd/releases/assets/174170745"

[tools.stitchmd."platforms.linux-x64"]
checksum = "sha256:0fca7cca22f22b2c29d2b2399d6dca7fc8e634ae95ee89226bb99dd7d916bd0d"
url = "https://github.com/abhinav/stitchmd/releases/download/v0.9.0/stitchmd-linux-amd64.tar.gz"
url_api = "https://api.github.com/repos/abhinav/stitchmd/releases/assets/174170738"

[tools.stitchmd."platforms.linux-x64-musl"]
checksum = "sha256:0fca7cca22f22b2c29d2b2399d6dca7fc8e634ae95ee89226bb99dd7d916bd0d"
url = "https://github.com/abhinav/stitchmd/releases/download/v0.9.0/stitchmd-linux-amd64.tar.gz"
url_api = "https://api.github.com/repos/abhinav/stitchmd/releases/assets/174170738"

[tools.stitchmd."platforms.macos-arm64"]
checksum = "sha256:d12bddffd22c4636136240d7352c98ce4f26e26c368445f8bd2cba33aa38daaa"
url = "https://github.com/abhinav/stitchmd/releases/download/v0.9.0/stitchmd-darwin-arm64.tar.gz"
url_api = "https://api.github.com/repos/abhinav/stitchmd/releases/assets/174170737"

[tools.stitchmd."platforms.macos-x64"]
checksum = "sha256:e4a4053fe1c8addec90fc7dc3580d76130940946ae7f3377c9a08503e07b9fae"
url = "https://github.com/abhinav/stitchmd/releases/download/v0.9.0/stitchmd-darwin-amd64.tar.gz"
url_api = "https://api.github.com/repos/abhinav/stitchmd/releases/assets/174170736"

[tools.stitchmd."platforms.windows-x64"]
checksum = "sha256:608fa90ebf8df2366b621d38151c0951521bd6a93389e6b56631be521020a928"
url = "https://github.com/abhinav/stitchmd/releases/download/v0.9.0/stitchmd-windows-amd64.tar.gz"
url_api = "https://api.github.com/repos/abhinav/stitchmd/releases/assets/174170746"
